// !$*UTF8*$!
{
	archiveVersion = 1;
	classes = {
	};
	objectVersion = 55;
	objects = {

/* Begin PBXBuildFile section */
		F94A610027997AE600F89F41 /* AppDelegate.swift in Sources */ = {isa = PBXBuildFile; fileRef = F94A60FF27997AE600F89F41 /* AppDelegate.swift */; };
		F94A610227997AE600F89F41 /* SceneDelegate.swift in Sources */ = {isa = PBXBuildFile; fileRef = F94A610127997AE600F89F41 /* SceneDelegate.swift */; };
		F94A610427997AE600F89F41 /* ViewController.swift in Sources */ = {isa = PBXBuildFile; fileRef = F94A610327997AE600F89F41 /* ViewController.swift */; };
		F94A610727997AE600F89F41 /* Main.storyboard in Resources */ = {isa = PBXBuildFile; fileRef = F94A610527997AE600F89F41 /* Main.storyboard */; };
		F94A610927997AE700F89F41 /* Assets.xcassets in Resources */ = {isa = PBXBuildFile; fileRef = F94A610827997AE700F89F41 /* Assets.xcassets */; };
		F94A610C27997AE700F89F41 /* LaunchScreen.storyboard in Resources */ = {isa = PBXBuildFile; fileRef = F94A610A27997AE700F89F41 /* LaunchScreen.storyboard */; };
		F9FBA4E0279AD1FA00A82BD9 /* dataset_creator.sh in Resources */ = {isa = PBXBuildFile; fileRef = F9FBA4DF279AD1FA00A82BD9 /* dataset_creator.sh */; };
		F9FBA4E4279B04A100A82BD9 /* GyrosClassifier3.mlmodel in Sources */ = {isa = PBXBuildFile; fileRef = F9FBA4E3279B04A100A82BD9 /* GyrosClassifier3.mlmodel */; };
/* End PBXBuildFile section */

/* Begin PBXFileReference section */
		F94A60FC27997AE600F89F41 /* gyros-identifier.app */ = {isa = PBXFileReference; explicitFileType = wrapper.application; includeInIndex = 0; path = "gyros-identifier.app"; sourceTree = BUILT_PRODUCTS_DIR; };
		F94A60FF27997AE600F89F41 /* AppDelegate.swift */ = {isa = PBXFileReference; lastKnownFileType = sourcecode.swift; path = AppDelegate.swift; sourceTree = "<group>"; };
		F94A610127997AE600F89F41 /* SceneDelegate.swift */ = {isa = PBXFileReference; lastKnownFileType = sourcecode.swift; path = SceneDelegate.swift; sourceTree = "<group>"; };
		F94A610327997AE600F89F41 /* ViewController.swift */ = {isa = PBXFileReference; lastKnownFileType = sourcecode.swift; path = ViewController.swift; sourceTree = "<group>"; };
		F94A610627997AE600F89F41 /* Base */ = {isa = PBXFileReference; lastKnownFileType = file.storyboard; name = Base; path = Base.lproj/Main.storyboard; sourceTree = "<group>"; };
		F94A610827997AE700F89F41 /* Assets.xcassets */ = {isa = PBXFileReference; lastKnownFileType = folder.assetcatalog; path = Assets.xcassets; sourceTree = "<group>"; };
		F94A610B27997AE700F89F41 /* Base */ = {isa = PBXFileReference; lastKnownFileType = file.storyboard; name = Base; path = Base.lproj/LaunchScreen.storyboard; sourceTree = "<group>"; };
		F94A610D27997AE700F89F41 /* Info.plist */ = {isa = PBXFileReference; lastKnownFileType = text.plist.xml; path = Info.plist; sourceTree = "<group>"; };
		F9FBA4DF279AD1FA00A82BD9 /* dataset_creator.sh */ = {isa = PBXFileReference; fileEncoding = 4; lastKnownFileType = text.script.sh; name = dataset_creator.sh; path = ../../../dataset_creator.sh; sourceTree = "<group>"; };
		F9FBA4E3279B04A100A82BD9 /* GyrosClassifier3.mlmodel */ = {isa = PBXFileReference; lastKnownFileType = file.mlmodel; name = GyrosClassifier3.mlmodel; path = ../../../GyrosClassifier3.mlmodel; sourceTree = "<group>"; };
/* End PBXFileReference section */

/* Begin PBXFrameworksBuildPhase section */
		F94A60F927997AE600F89F41 /* Frameworks */ = {
			isa = PBXFrameworksBuildPhase;
			buildActionMask = 2147483647;
			files = (
			);
			runOnlyForDeploymentPostprocessing = 0;
		};
/* End PBXFrameworksBuildPhase section */

/* Begin PBXGroup section */
		F94A60F327997AE600F89F41 = {
			isa = PBXGroup;
			children = (
				F94A60FE27997AE600F89F41 /* gyros-identifier */,
				F94A60FD27997AE600F89F41 /* Products */,
			);
			sourceTree = "<group>";
		};
		F94A60FD27997AE600F89F41 /* Products */ = {
			isa = PBXGroup;
			children = (
				F94A60FC27997AE600F89F41 /* gyros-identifier.app */,
			);
			name = Products;
			sourceTree = "<group>";
		};
		F94A60FE27997AE600F89F41 /* gyros-identifier */ = {
			isa = PBXGroup;
			children = (
				F94A60FF27997AE600F89F41 /* AppDelegate.swift */,
				F94A610127997AE600F89F41 /* SceneDelegate.swift */,
				F94A610327997AE600F89F41 /* ViewController.swift */,
				F94A610527997AE600F89F41 /* Main.storyboard */,
				F94A610827997AE700F89F41 /* Assets.xcassets */,
				F94A610A27997AE700F89F41 /* LaunchScreen.storyboard */,
				F94A610D27997AE700F89F41 /* Info.plist */,
				F9FBA4DF279AD1FA00A82BD9 /* dataset_creator.sh */,
				F9FBA4E3279B04A100A82BD9 /* GyrosClassifier3.mlmodel */,
			);
			path = "gyros-identifier";
			sourceTree = "<group>";
		};
/* End PBXGroup section */

/* Begin PBXNativeTarget section */
		F94A60FB27997AE600F89F41 /* gyros-identifier */ = {
			isa = PBXNativeTarget;
			buildConfigurationList = F94A611027997AE700F89F41 /* Build configuration list for PBXNativeTarget "gyros-identifier" */;
			buildPhases = (
				F94A60F827997AE600F89F41 /* Sources */,
				F94A60F927997AE600F89F41 /* Frameworks */,
				F94A60FA27997AE600F89F41 /* Resources */,
			);
			buildRules = (
			);
			dependencies = (
			);
			name = "gyros-identifier";
			productName = "gyros-identifier";
			productReference = F94A60FC27997AE600F89F41 /* gyros-identifier.app */;
			productType = "com.apple.product-type.application";
		};
/* End PBXNativeTarget section */

/* Begin PBXProject section */
		F94A60F427997AE600F89F41 /* Project object */ = {
			isa = PBXProject;
			attributes = {
				BuildIndependentTargetsInParallel = 1;
				LastSwiftUpdateCheck = 1320;
				LastUpgradeCheck = 1320;
				TargetAttributes = {
					F94A60FB27997AE600F89F41 = {
						CreatedOnToolsVersion = 13.2.1;
					};
				};
			};
			buildConfigurationList = F94A60F727997AE600F89F41 /* Build configuration list for PBXProject "gyros-identifier" */;
			compatibilityVersion = "Xcode 13.0";
			developmentRegion = en;
			hasScannedForEncodings = 0;
			knownRegions = (
				en,
				Base,
			);
			mainGroup = F94A60F327997AE600F89F41;
			productRefGroup = F94A60FD27997AE600F89F41 /* Products */;
			projectDirPath = "";
			projectRoot = "";
			targets = (
				F94A60FB27997AE600F89F41 /* gyros-identifier */,
			);
		};
/* End PBXProject section */

/* Begin PBXResourcesBuildPhase section */
		F94A60FA27997AE600F89F41 /* Resources */ = {
			isa = PBXResourcesBuildPhase;
			buildActionMask = 2147483647;
			files = (
				F9FBA4E0279AD1FA00A82BD9 /* dataset_creator.sh in Resources */,
				F94A610C27997AE700F89F41 /* LaunchScreen.storyboard in Resources */,
				F94A610927997AE700F89F41 /* Assets.xcassets in Resources */,
				F94A610727997AE600F89F41 /* Main.storyboard in Resources */,
			);
			runOnlyForDeploymentPostprocessing = 0;
		};
/* End PBXResourcesBuildPhase section */

/* Begin PBXSourcesBuildPhase section */
		F94A60F827997AE600F89F41 /* Sources */ = {
			isa = PBXSourcesBuildPhase;
			buildActionMask = 2147483647;
			files = (
				F9FBA4E4279B04A100A82BD9 /* GyrosClassifier3.mlmodel in Sources */,
				F94A610427997AE600F89F41 /* ViewController.swift in Sources */,
				F94A610027997AE600F89F41 /* AppDelegate.swift in Sources */,
				F94A610227997AE600F89F41 /* SceneDelegate.swift in Sources */,
			);
			runOnlyForDeploymentPostprocessing = 0;
		};
/* End PBXSourcesBuildPhase section */

/* Begin PBXVariantGroup section */
		F94A610527997AE600F89F41 /* Main.storyboard */ = {
			isa = PBXVariantGroup;
			children = (
				F94A610627997AE600F89F41 /* Base */,
			);
			name = Main.storyboard;
			sourceTree = "<group>";
		};
		F94A610A27997AE700F89F41 /* LaunchScreen.storyboard */ = {
			isa = PBXVariantGroup;
			children = (
				F94A610B27997AE700F89F41 /* Base */,
			);
			name = LaunchScreen.storyboard;
			sourceTree = "<group>";
		};
/* End PBXVariantGroup section */

/* Begin XCBuildConfiguration section */
		F94A610E27997AE700F89F41 /* Debug */ = {
			isa = XCBuildConfiguration;
			buildSettings = {
				ALWAYS_SEARCH_USER_PATHS = NO;
				CLANG_ANALYZER_NONNULL = YES;
				CLANG_ANALYZER_NUMBER_OBJECT_CONVERSION = YES_AGGRESSIVE;
				CLANG_CXX_LANGUAGE_STANDARD = "gnu++17";
				CLANG_CXX_LIBRARY = "libc++";
				CLANG_ENABLE_MODULES = YES;
				CLANG_ENABLE_OBJC_ARC = YES;
				CLANG_ENABLE_OBJC_WEAK = YES;
				CLANG_WARN_BLOCK_CAPTURE_AUTORELEASING = YES;
				CLANG_WARN_BOOL_CONVERSION = YES;
				CLANG_WARN_COMMA = YES;
				CLANG_WARN_CONSTANT_CONVERSION = YES;
				CLANG_WARN_DEPRECATED_OBJC_IMPLEMENTATIONS = YES;
				CLANG_WARN_DIRECT_OBJC_ISA_USAGE = YES_ERROR;
				CLANG_WARN_DOCUMENTATION_COMMENTS = YES;
				CLANG_WARN_EMPTY_BODY = YES;
				CLANG_WARN_ENUM_CONVERSION = YES;
				CLANG_WARN_INFINITE_RECURSION = YES;
				CLANG_WARN_INT_CONVERSION = YES;
				CLANG_WARN_NON_LITERAL_NULL_CONVERSION = YES;
				CLANG_WARN_OBJC_IMPLICIT_RETAIN_SELF = YES;
				CLANG_WARN_OBJC_LITERAL_CONVERSION = YES;
				CLANG_WARN_OBJC_ROOT_CLASS = YES_ERROR;
				CLANG_WARN_QUOTED_INCLUDE_IN_FRAMEWORK_HEADER = YES;
				CLANG_WARN_RANGE_LOOP_ANALYSIS = YES;
				CLANG_WARN_STRICT_PROTOTYPES = YES;
				CLANG_WARN_SUSPICIOUS_MOVE = YES;
				CLANG_WARN_UNGUARDED_AVAILABILITY = YES_AGGRESSIVE;
				CLANG_WARN_UNREACHABLE_CODE = YES;
				CLANG_WARN__DUPLICATE_METHOD_MATCH = YES;
				COPY_PHASE_STRIP = NO;
				DEBUG_INFORMATION_FORMAT = dwarf;
				ENABLE_STRICT_OBJC_MSGSEND = YES;
				ENABLE_TESTABILITY = YES;
				GCC_C_LANGUAGE_STANDARD = gnu11;
				GCC_DYNAMIC_NO_PIC = NO;
				GCC_NO_COMMON_BLOCKS = YES;
				GCC_OPTIMIZATION_LEVEL = 0;
				GCC_PREPROCESSOR_DEFINITIONS = (
					"DEBUG=1",
					"$(inherited)",
				);
				GCC_WARN_64_TO_32_BIT_CONVERSION = YES;
				GCC_WARN_ABOUT_RETURN_TYPE = YES_ERROR;
				GCC_WARN_UNDECLARED_SELECTOR = YES;
				GCC_WARN_UNINITIALIZED_AUTOS = YES_AGGRESSIVE;
				GCC_WARN_UNUSED_FUNCTION = YES;
				GCC_WARN_UNUSED_VARIABLE = YES;
				IPHONEOS_DEPLOYMENT_TARGET = 15.2;
				MTL_ENABLE_DEBUG_INFO = INCLUDE_SOURCE;
				MTL_FAST_MATH = YES;
				ONLY_ACTIVE_ARCH = YES;
				SDKROOT = iphoneos;
				SWIFT_ACTIVE_COMPILATION_CONDITIONS = DEBUG;
				SWIFT_OPTIMIZATION_LEVEL = "-Onone";
			};
			name = Debug;
		};
		F94A610F27997AE700F89F41 /* Release */ = {
			isa = XCBuildConfiguration;
			buildSettings = {
				ALWAYS_SEARCH_USER_PATHS = NO;
				CLANG_ANALYZER_NONNULL = YES;
				CLANG_ANALYZER_NUMBER_OBJECT_CONVERSION = YES_AGGRESSIVE;
				CLANG_CXX_LANGUAGE_STANDARD = "gnu++17";
				CLANG_CXX_LIBRARY = "libc++";
				CLANG_ENABLE_MODULES = YES;
				CLANG_ENABLE_OBJC_ARC = YES;
				CLANG_ENABLE_OBJC_WEAK = YES;
				CLANG_WARN_BLOCK_CAPTURE_AUTORELEASING = YES;
				CLANG_WARN_BOOL_CONVERSION = YES;
				CLANG_WARN_COMMA = YES;
				CLANG_WARN_CONSTANT_CONVERSION = YES;
				CLANG_WARN_DEPRECATED_OBJC_IMPLEMENTATIONS = YES;
				CLANG_WARN_DIRECT_OBJC_ISA_USAGE = YES_ERROR;
				CLANG_WARN_DOCUMENTATION_COMMENTS = YES;
				CLANG_WARN_EMPTY_BODY = YES;
				CLANG_WARN_ENUM_CONVERSION = YES;
				CLANG_WARN_INFINITE_RECURSION = YES;
				CLANG_WARN_INT_CONVERSION = YES;
				CLANG_WARN_NON_LITERAL_NULL_CONVERSION = YES;
				CLANG_WARN_OBJC_IMPLICIT_RETAIN_SELF = YES;
				CLANG_WARN_OBJC_LITERAL_CONVERSION = YES;
				CLANG_WARN_OBJC_ROOT_CLASS = YES_ERROR;
				CLANG_WARN_QUOTED_INCLUDE_IN_FRAMEWORK_HEADER = YES;
				CLANG_WARN_RANGE_LOOP_ANALYSIS = YES;
				CLANG_WARN_STRICT_PROTOTYPES = YES;
				CLANG_WARN_SUSPICIOUS_MOVE = YES;
				CLANG_WARN_UNGUARDED_AVAILABILITY = YES_AGGRESSIVE;
				CLANG_WARN_UNREACHABLE_CODE = YES;
				CLANG_WARN__DUPLICATE_METHOD_MATCH = YES;
				COPY_PHASE_STRIP = NO;
				DEBUG_INFORMATION_FORMAT = "dwarf-with-dsym";
				ENABLE_NS_ASSERTIONS = NO;
				ENABLE_STRICT_OBJC_MSGSEND = YES;
				GCC_C_LANGUAGE_STANDARD = gnu11;
				GCC_NO_COMMON_BLOCKS = YES;
				GCC_WARN_64_TO_32_BIT_CONVERSION = YES;
				GCC_WARN_ABOUT_RETURN_TYPE = YES_ERROR;
				GCC_WARN_UNDECLARED_SELECTOR = YES;
				GCC_WARN_UNINITIALIZED_AUTOS = YES_AGGRESSIVE;
				GCC_WARN_UNUSED_FUNCTION = YES;
				GCC_WARN_UNUSED_VARIABLE = YES;
				IPHONEOS_DEPLOYMENT_TARGET = 15.2;
				MTL_ENABLE_DEBUG_INFO = NO;
				MTL_FAST_MATH = YES;
				SDKROOT = iphoneos;
				SWIFT_COMPILATION_MODE = wholemodule;
				SWIFT_OPTIMIZATION_LEVEL = "-O";
				VALIDATE_PRODUCT = YES;
			};
			name = Release;
		};
		F94A611127997AE700F89F41 /* Debug */ = {
			isa = XCBuildConfiguration;
			buildSettings = {
				ASSETCATALOG_COMPILER_APPICON_NAME = AppIcon;
				ASSETCATALOG_COMPILER_GLOBAL_ACCENT_COLOR_NAME = AccentColor;
				CODE_SIGN_STYLE = Automatic;
				CURRENT_PROJECT_VERSION = 1;
				DEVELOPMENT_TEAM = JLGW27A567;
				GENERATE_INFOPLIST_FILE = YES;
				INFOPLIST_FILE = "gyros-identifier/Info.plist";
				INFOPLIST_KEY_UIApplicationSupportsIndirectInputEvents = YES;
				INFOPLIST_KEY_UILaunchStoryboardName = LaunchScreen;
				INFOPLIST_KEY_UIMainStoryboardFile = Main;
				INFOPLIST_KEY_UISupportedInterfaceOrientations_iPad = "UIInterfaceOrientationPortrait UIInterfaceOrientationPortraitUpsideDown UIInterfaceOrientationLandscapeLeft UIInterfaceOrientationLandscapeRight";
				INFOPLIST_KEY_UISupportedInterfaceOrientations_iPhone = "UIInterfaceOrientationPortrait UIInterfaceOrientationLandscapeLeft UIInterfaceOrientationLandscapeRight";
				LD_RUNPATH_SEARCH_PATHS = (
					"$(inherited)",
					"@executable_path/Frameworks",
				);
				MARKETING_VERSION = 1.0;
				PRODUCT_BUNDLE_IDENTIFIER = "mysideprojects.gyros-identifier";
				PRODUCT_NAME = "$(TARGET_NAME)";
				SWIFT_EMIT_LOC_STRINGS = YES;
				SWIFT_VERSION = 5.0;
				TARGETED_DEVICE_FAMILY = "1,2";
			};
			name = Debug;
		};
		F94A611227997AE700F89F41 /* Release */ = {
			isa = XCBuildConfiguration;
			buildSettings = {
				ASSETCATALOG_COMPILER_APPICON_NAME = AppIcon;
				ASSETCATALOG_COMPILER_GLOBAL_ACCENT_COLOR_NAME = AccentColor;
				CODE_SIGN_STYLE = Automatic;
				CURRENT_PROJECT_VERSION = 1;
				DEVELOPMENT_TEAM = JLGW27A567;
				GENERATE_INFOPLIST_FILE = YES;
				INFOPLIST_FILE = "gyros-identifier/Info.plist";
				INFOPLIST_KEY_UIApplicationSupportsIndirectInputEvents = YES;
				INFOPLIST_KEY_UILaunchStoryboardName = LaunchScreen;
				INFOPLIST_KEY_UIMainStoryboardFile = Main;
				INFOPLIST_KEY_UISupportedInterfaceOrientations_iPad = "UIInterfaceOrientationPortrait UIInterfaceOrientationPortraitUpsideDown UIInterfaceOrientationLandscapeLeft UIInterfaceOrientationLandscapeRight";
				INFOPLIST_KEY_UISupportedInterfaceOrientations_iPhone = "UIInterfaceOrientationPortrait UIInterfaceOrientationLandscapeLeft UIInterfaceOrientationLandscapeRight";
				LD_RUNPATH_SEARCH_PATHS = (
					"$(inherited)",
					"@executable_path/Frameworks",
				);
				MARKETING_VERSION = 1.0;
				PRODUCT_BUNDLE_IDENTIFIER = "mysideprojects.gyros-identifier";
				PRODUCT_NAME = "$(TARGET_NAME)";
				SWIFT_EMIT_LOC_STRINGS = YES;
				SWIFT_VERSION = 5.0;
				TARGETED_DEVICE_FAMILY = "1,2";
			};
			name = Release;
		};
/* End XCBuildConfiguration section */

/* Begin XCConfigurationList section */
		F94A60F727997AE600F89F41 /* Build configuration list for PBXProject "gyros-identifier" */ = {
			isa = XCConfigurationList;
			buildConfigurations = (
				F94A610E27997AE700F89F41 /* Debug */,
				F94A610F27997AE700F89F41 /* Release */,
			);
			defaultConfigurationIsVisible = 0;
			defaultConfigurationName = Release;
		};
		F94A611027997AE700F89F41 /* Build configuration list for PBXNativeTarget "gyros-identifier" */ = {
			isa = XCConfigurationList;
			buildConfigurations = (
				F94A611127997AE700F89F41 /* Debug */,
				F94A611227997AE700F89F41 /* Release */,
			);
			defaultConfigurationIsVisible = 0;
			defaultConfigurationName = Release;
		};
/* End XCConfigurationList section */
	};
	rootObject = F94A60F427997AE600F89F41 /* Project object */;
}
